
Microsoft Visual Studio Solution File, Format Version 12.00
# Visual Studio Version 16
VisualStudioVersion = 16.0.30330.147
MinimumVisualStudioVersion = 10.0.40219.1
Project("{FAE04EC0-301F-11D3-BF4B-00C04F79EFBC}") = "SisPlaBOL", "SisPlaBOL.csproj", "{44AF310E-B268-4B25-BE13-9E579D74A088}"
EndProject
Project("{FAE04EC0-301F-11D3-BF4B-00C04F79EFBC}") = "SisPlaDAL", "..\SisPlaDAL\SisPlaDAL.csproj", "{EB86BEF5-3868-435A-ACA0-BC8AC4338BD9}"
EndProject
Project("{FAE04EC0-301F-11D3-BF4B-00C04F79EFBC}") = "SisPlaBLL", "..\SisPlaBLL\SisPlaBLL.csproj", "{B3F22A29-AD4E-44C6-82D4-260C58261FF1}"
EndProject
Project("{FAE04EC0-301F-11D3-BF4B-00C04F79EFBC}") = "SisPlaVista", "..\SisPlaVista\SisPlaVista.csproj", "{5C1F77D3-8158-4270-963A-076B6009EAB8}"
EndProject
Project("{FAE04EC0-301F-11D3-BF4B-00C04F79EFBC}") = "WebApplication1", "..\WebApplication1\WebApplication1.csproj", "{6ADC5890-4B9E-4E82-862E-246875261B54}"
EndProject
Project("{FAE04EC0-301F-11D3-BF4B-00C04F79EFBC}") = "WebAppMVC", "..\WebAppMVC\WebAppMVC.csproj", "{BBA28B53-54B8-4C75-A949-0FF64952DEAB}"
EndProject
Global
	GlobalSection(SolutionConfigurationPlatforms) = preSolution
		Debug|Any CPU = Debug|Any CPU
		Release|Any CPU = Release|Any CPU
	EndGlobalSection
	GlobalSection(ProjectConfigurationPlatforms) = postSolution
		{44AF310E-B268-4B25-BE13-9E579D74A088}.Debug|Any CPU.ActiveCfg = Debug|Any CPU
		{44AF310E-B268-4B25-BE13-9E579D74A088}.Debug|Any CPU.Build.0 = Debug|Any CPU
		{44AF310E-B268-4B25-BE13-9E579D74A088}.Release|Any CPU.ActiveCfg = Release|Any CPU
		{44AF310E-B268-4B25-BE13-9E579D74A088}.Release|Any CPU.Build.0 = Release|Any CPU
		{EB86BEF5-3868-435A-ACA0-BC8AC4338BD9}.Debug|Any CPU.ActiveCfg = Debug|Any CPU
		{EB86BEF5-3868-435A-ACA0-BC8AC4338BD9}.Debug|Any CPU.Build.0 = Debug|Any CPU
		{EB86BEF5-3868-435A-ACA0-BC8AC4338BD9}.Release|Any CPU.ActiveCfg = Release|Any CPU
		{EB86BEF5-3868-435A-ACA0-BC8AC4338BD9}.Release|Any CPU.Build.0 = Release|Any CPU
		{B3F22A29-AD4E-44C6-82D4-260C58261FF1}.Debug|Any CPU.ActiveCfg = Debug|Any CPU
		{B3F22A29-AD4E-44C6-82D4-260C58261FF1}.Debug|Any CPU.Build.0 = Debug|Any CPU
		{B3F22A29-AD4E-44C6-82D4-260C58261FF1}.Release|Any CPU.ActiveCfg = Release|Any CPU
		{B3F22A29-AD4E-44C6-82D4-260C58261FF1}.Release|Any CPU.Build.0 = Release|Any CPU
		{5C1F77D3-8158-4270-963A-076B6009EAB8}.Debug|Any CPU.ActiveCfg = Debug|Any CPU
		{5C1F77D3-8158-4270-963A-076B6009EAB8}.Debug|Any CPU.Build.0 = Debug|Any CPU
		{5C1F77D3-8158-4270-963A-076B6009EAB8}.Release|Any CPU.ActiveCfg = Release|Any CPU
		{5C1F77D3-8158-4270-963A-076B6009EAB8}.Release|Any CPU.Build.0 = Release|Any CPU
		{6ADC5890-4B9E-4E82-862E-246875261B54}.Debug|Any CPU.ActiveCfg = Debug|Any CPU
		{6ADC5890-4B9E-4E82-862E-246875261B54}.Debug|Any CPU.Build.0 = Debug|Any CPU
		{6ADC5890-4B9E-4E82-862E-246875261B54}.Release|Any CPU.ActiveCfg = Release|Any CPU
		{6ADC5890-4B9E-4E82-862E-246875261B54}.Release|Any CPU.Build.0 = Release|Any CPU
		{BBA28B53-54B8-4C75-A949-0FF64952DEAB}.Debug|Any CPU.ActiveCfg = Debug|Any CPU
		{BBA28B53-54B8-4C75-A949-0FF64952DEAB}.Debug|Any CPU.Build.0 = Debug|Any CPU
		{BBA28B53-54B8-4C75-A949-0FF64952DEAB}.Release|Any CPU.ActiveCfg = Release|Any CPU
		{BBA28B53-54B8-4C75-A949-0FF64952DEAB}.Release|Any CPU.Build.0 = Release|Any CPU
	EndGlobalSection
	GlobalSection(SolutionProperties) = preSolution
		HideSolutionNode = FALSE
	EndGlobalSection
	GlobalSection(ExtensibilityGlobals) = postSolution
		SolutionGuid = {67F416B5-3EC1-4B33-B005-9F4D5A5D3163}
	EndGlobalSection
EndGlobal
